
Microsoft Visual Studio Solution File, Format Version 12.00
# Visual Studio Version 17
VisualStudioVersion = 17.9.34723.18
MinimumVisualStudioVersion = 10.0.40219.1
Project("{9A19103F-16F7-4668-BE54-9A1E7A4F7556}") = "KSODotNetCore.ConsoleApp", "KSODotNetCore.ConsoleApp\KSODotNetCore.ConsoleApp.csproj", "{9A0DB10E-C13F-4899-92A3-FC23AAB2921A}"
EndProject
Project("{2150E333-8FDC-42A3-9474-1A3956D46DE8}") = "Documents", "Documents", "{681B653A-906D-4053-B0C6-6B468E1DCADB}"
	ProjectSection(SolutionItems) = preProject
		KSODotNetCore.sql = KSODotNetCore.sql
		README.md = README.md
	EndProjectSection
EndProject
Project("{9A19103F-16F7-4668-BE54-9A1E7A4F7556}") = "KSODotNetCore.RestApi", "KSODotNetCore.RestApi\KSODotNetCore.RestApi.csproj", "{196AEB3F-A484-4731-B986-748EB0BB504B}"
EndProject
Project("{9A19103F-16F7-4668-BE54-9A1E7A4F7556}") = "KSODotNetCore.Shared", "KSODotNetCore.Shared\KSODotNetCore.Shared.csproj", "{DDE29B7F-1D8F-4DAC-A009-EE6BC3D9BA3B}"
EndProject
Project("{9A19103F-16F7-4668-BE54-9A1E7A4F7556}") = "KSODotNetCore.RestApiWithNLayer", "KSODotNetCore.RestApiWithNLayer\KSODotNetCore.RestApiWithNLayer.csproj", "{572352F6-F371-4C02-9844-924D1F2C11E6}"
EndProject
Project("{9A19103F-16F7-4668-BE54-9A1E7A4F7556}") = "KSODotNetCore.ConsoleAppJsonConversion", "KSODotNetCore.ConsoneAppHttpClient\KSODotNetCore.ConsoleAppJsonConversion.csproj", "{E88B5D6D-2B12-4395-A9AD-072556015F64}"
EndProject
Project("{9A19103F-16F7-4668-BE54-9A1E7A4F7556}") = "KSODotNetCore.ConsoleAppHttpClientExample", "KSODotNetCore.ConsoleAppHttpClientExample\KSODotNetCore.ConsoleAppHttpClientExample.csproj", "{057AA3B4-77AC-4109-BE0C-DE99C48A6863}"
EndProject
Project("{9A19103F-16F7-4668-BE54-9A1E7A4F7556}") = "KSODotNetCore.BurmaProjectIdea", "KSODotNetCore.BurmaProjectIdea\KSODotNetCore.BurmaProjectIdea.csproj", "{612926D6-3B0C-426B-B765-2DBB11F321FC}"
EndProject
Project("{9A19103F-16F7-4668-BE54-9A1E7A4F7556}") = "KSODotNetCore.ConsoleAppRestClientExample", "KSODotNetCore.ConsoleAppRestClientExample\KSODotNetCore.ConsoleAppRestClientExample.csproj", "{DA38DA11-E8F4-40BF-89D0-550CE25FB3CB}"
EndProject
Project("{9A19103F-16F7-4668-BE54-9A1E7A4F7556}") = "KSODotNetCore.PizzaApi", "KSODotNetCore.PizzaApi\KSODotNetCore.PizzaApi.csproj", "{D903E8DA-8F7B-4085-899A-39318F4E8947}"
EndProject
Project("{9A19103F-16F7-4668-BE54-9A1E7A4F7556}") = "KSODotNetCore.ConsoleAppRefitExample", "KSODotNetCore.ConsoleAppRefitExample\KSODotNetCore.ConsoleAppRefitExample.csproj", "{91F9764F-61F6-4D47-971D-26123BF26A50}"
EndProject
Project("{9A19103F-16F7-4668-BE54-9A1E7A4F7556}") = "KSODotNetCore.WinFormsApp", "KSODotNetCore.WinFormsApp\KSODotNetCore.WinFormsApp.csproj", "{4CB47A54-D16D-46B9-9FDA-41E5A9F0DBC1}"
EndProject
Project("{FAE04EC0-301F-11D3-BF4B-00C04F79EFBC}") = "KSODotNetCore.WinFormsAppSqlInjection", "KSODotNetCore.WinFormsAppSqlInjection\KSODotNetCore.WinFormsAppSqlInjection.csproj", "{51B54B88-466F-4ED0-BF64-DCDE22373F4D}"
EndProject
Project("{FAE04EC0-301F-11D3-BF4B-00C04F79EFBC}") = "KSODotNetCore.NLayer.UI", "KSODotNetCore.NLayer.UI\KSODotNetCore.NLayer.UI.csproj", "{097D3621-AFFC-4815-BD73-76DA57BA7868}"
EndProject
Project("{FAE04EC0-301F-11D3-BF4B-00C04F79EFBC}") = "KSODotNetCore.NLayer.BusinessLogic", "KSODotNetCore.NLayer.BusinessLogic\KSODotNetCore.NLayer.BusinessLogic.csproj", "{573F35E9-35B8-4751-8469-4B940233107F}"
EndProject
Project("{FAE04EC0-301F-11D3-BF4B-00C04F79EFBC}") = "KSODotNetCore.NLayer.DataAccess", "KSODotNetCore.NLayer.DataAccess\KSODotNetCore.NLayer.DataAccess.csproj", "{F8E0DBE3-E2FD-4F66-B42B-678C9E54C9B2}"
EndProject
Global
	GlobalSection(SolutionConfigurationPlatforms) = preSolution
		Debug|Any CPU = Debug|Any CPU
		Release|Any CPU = Release|Any CPU
	EndGlobalSection
	GlobalSection(ProjectConfigurationPlatforms) = postSolution
		{9A0DB10E-C13F-4899-92A3-FC23AAB2921A}.Debug|Any CPU.ActiveCfg = Debug|Any CPU
		{9A0DB10E-C13F-4899-92A3-FC23AAB2921A}.Debug|Any CPU.Build.0 = Debug|Any CPU
		{9A0DB10E-C13F-4899-92A3-FC23AAB2921A}.Release|Any CPU.ActiveCfg = Release|Any CPU
		{9A0DB10E-C13F-4899-92A3-FC23AAB2921A}.Release|Any CPU.Build.0 = Release|Any CPU
		{196AEB3F-A484-4731-B986-748EB0BB504B}.Debug|Any CPU.ActiveCfg = Debug|Any CPU
		{196AEB3F-A484-4731-B986-748EB0BB504B}.Debug|Any CPU.Build.0 = Debug|Any CPU
		{196AEB3F-A484-4731-B986-748EB0BB504B}.Release|Any CPU.ActiveCfg = Release|Any CPU
		{196AEB3F-A484-4731-B986-748EB0BB504B}.Release|Any CPU.Build.0 = Release|Any CPU
		{DDE29B7F-1D8F-4DAC-A009-EE6BC3D9BA3B}.Debug|Any CPU.ActiveCfg = Debug|Any CPU
		{DDE29B7F-1D8F-4DAC-A009-EE6BC3D9BA3B}.Debug|Any CPU.Build.0 = Debug|Any CPU
		{DDE29B7F-1D8F-4DAC-A009-EE6BC3D9BA3B}.Release|Any CPU.ActiveCfg = Release|Any CPU
		{DDE29B7F-1D8F-4DAC-A009-EE6BC3D9BA3B}.Release|Any CPU.Build.0 = Release|Any CPU
		{572352F6-F371-4C02-9844-924D1F2C11E6}.Debug|Any CPU.ActiveCfg = Debug|Any CPU
		{572352F6-F371-4C02-9844-924D1F2C11E6}.Debug|Any CPU.Build.0 = Debug|Any CPU
		{572352F6-F371-4C02-9844-924D1F2C11E6}.Release|Any CPU.ActiveCfg = Release|Any CPU
		{572352F6-F371-4C02-9844-924D1F2C11E6}.Release|Any CPU.Build.0 = Release|Any CPU
		{E88B5D6D-2B12-4395-A9AD-072556015F64}.Debug|Any CPU.ActiveCfg = Debug|Any CPU
		{E88B5D6D-2B12-4395-A9AD-072556015F64}.Debug|Any CPU.Build.0 = Debug|Any CPU
		{E88B5D6D-2B12-4395-A9AD-072556015F64}.Release|Any CPU.ActiveCfg = Release|Any CPU
		{E88B5D6D-2B12-4395-A9AD-072556015F64}.Release|Any CPU.Build.0 = Release|Any CPU
		{057AA3B4-77AC-4109-BE0C-DE99C48A6863}.Debug|Any CPU.ActiveCfg = Debug|Any CPU
		{057AA3B4-77AC-4109-BE0C-DE99C48A6863}.Debug|Any CPU.Build.0 = Debug|Any CPU
		{057AA3B4-77AC-4109-BE0C-DE99C48A6863}.Release|Any CPU.ActiveCfg = Release|Any CPU
		{057AA3B4-77AC-4109-BE0C-DE99C48A6863}.Release|Any CPU.Build.0 = Release|Any CPU
		{612926D6-3B0C-426B-B765-2DBB11F321FC}.Debug|Any CPU.ActiveCfg = Debug|Any CPU
		{612926D6-3B0C-426B-B765-2DBB11F321FC}.Debug|Any CPU.Build.0 = Debug|Any CPU
		{612926D6-3B0C-426B-B765-2DBB11F321FC}.Release|Any CPU.ActiveCfg = Release|Any CPU
		{612926D6-3B0C-426B-B765-2DBB11F321FC}.Release|Any CPU.Build.0 = Release|Any CPU
		{DA38DA11-E8F4-40BF-89D0-550CE25FB3CB}.Debug|Any CPU.ActiveCfg = Debug|Any CPU
		{DA38DA11-E8F4-40BF-89D0-550CE25FB3CB}.Debug|Any CPU.Build.0 = Debug|Any CPU
		{DA38DA11-E8F4-40BF-89D0-550CE25FB3CB}.Release|Any CPU.ActiveCfg = Release|Any CPU
		{DA38DA11-E8F4-40BF-89D0-550CE25FB3CB}.Release|Any CPU.Build.0 = Release|Any CPU
		{D903E8DA-8F7B-4085-899A-39318F4E8947}.Debug|Any CPU.ActiveCfg = Debug|Any CPU
		{D903E8DA-8F7B-4085-899A-39318F4E8947}.Debug|Any CPU.Build.0 = Debug|Any CPU
		{D903E8DA-8F7B-4085-899A-39318F4E8947}.Release|Any CPU.ActiveCfg = Release|Any CPU
		{D903E8DA-8F7B-4085-899A-39318F4E8947}.Release|Any CPU.Build.0 = Release|Any CPU
		{91F9764F-61F6-4D47-971D-26123BF26A50}.Debug|Any CPU.ActiveCfg = Debug|Any CPU
		{91F9764F-61F6-4D47-971D-26123BF26A50}.Debug|Any CPU.Build.0 = Debug|Any CPU
		{91F9764F-61F6-4D47-971D-26123BF26A50}.Release|Any CPU.ActiveCfg = Release|Any CPU
		{91F9764F-61F6-4D47-971D-26123BF26A50}.Release|Any CPU.Build.0 = Release|Any CPU
		{4CB47A54-D16D-46B9-9FDA-41E5A9F0DBC1}.Debug|Any CPU.ActiveCfg = Debug|Any CPU
		{4CB47A54-D16D-46B9-9FDA-41E5A9F0DBC1}.Debug|Any CPU.Build.0 = Debug|Any CPU
		{4CB47A54-D16D-46B9-9FDA-41E5A9F0DBC1}.Release|Any CPU.ActiveCfg = Release|Any CPU
		{4CB47A54-D16D-46B9-9FDA-41E5A9F0DBC1}.Release|Any CPU.Build.0 = Release|Any CPU
		{51B54B88-466F-4ED0-BF64-DCDE22373F4D}.Debug|Any CPU.ActiveCfg = Debug|Any CPU
		{51B54B88-466F-4ED0-BF64-DCDE22373F4D}.Debug|Any CPU.Build.0 = Debug|Any CPU
		{51B54B88-466F-4ED0-BF64-DCDE22373F4D}.Release|Any CPU.ActiveCfg = Release|Any CPU
		{51B54B88-466F-4ED0-BF64-DCDE22373F4D}.Release|Any CPU.Build.0 = Release|Any CPU
		{097D3621-AFFC-4815-BD73-76DA57BA7868}.Debug|Any CPU.ActiveCfg = Debug|Any CPU
		{097D3621-AFFC-4815-BD73-76DA57BA7868}.Debug|Any CPU.Build.0 = Debug|Any CPU
		{097D3621-AFFC-4815-BD73-76DA57BA7868}.Release|Any CPU.ActiveCfg = Release|Any CPU
		{097D3621-AFFC-4815-BD73-76DA57BA7868}.Release|Any CPU.Build.0 = Release|Any CPU
		{573F35E9-35B8-4751-8469-4B940233107F}.Debug|Any CPU.ActiveCfg = Debug|Any CPU
		{573F35E9-35B8-4751-8469-4B940233107F}.Debug|Any CPU.Build.0 = Debug|Any CPU
		{573F35E9-35B8-4751-8469-4B940233107F}.Release|Any CPU.ActiveCfg = Release|Any CPU
		{573F35E9-35B8-4751-8469-4B940233107F}.Release|Any CPU.Build.0 = Release|Any CPU
		{F8E0DBE3-E2FD-4F66-B42B-678C9E54C9B2}.Debug|Any CPU.ActiveCfg = Debug|Any CPU
		{F8E0DBE3-E2FD-4F66-B42B-678C9E54C9B2}.Debug|Any CPU.Build.0 = Debug|Any CPU
		{F8E0DBE3-E2FD-4F66-B42B-678C9E54C9B2}.Release|Any CPU.ActiveCfg = Release|Any CPU
		{F8E0DBE3-E2FD-4F66-B42B-678C9E54C9B2}.Release|Any CPU.Build.0 = Release|Any CPU
	EndGlobalSection
	GlobalSection(SolutionProperties) = preSolution
		HideSolutionNode = FALSE
	EndGlobalSection
	GlobalSection(ExtensibilityGlobals) = postSolution
		SolutionGuid = {077CC0AB-4622-47F6-BC9F-67A646E4E401}
	EndGlobalSection
EndGlobal
